
Microsoft Visual Studio Solution File, Format Version 12.00
# Visual Studio 2012
Project("{FAE04EC0-301F-11D3-BF4B-00C04F79EFBC}") = "VPP", "VPP\VPP.csproj", "{E0C181C2-238B-42B7-A060-6E6ACB352DFF}"
EndProject
Global
	GlobalSection(SolutionConfigurationPlatforms) = preSolution
		Debug|Any CPU = Debug|Any CPU
		Release|Any CPU = Release|Any CPU
	EndGlobalSection
	GlobalSection(ProjectConfigurationPlatforms) = postSolution
		{E0C181C2-238B-42B7-A060-6E6ACB352DFF}.Debug|Any CPU.ActiveCfg = Debug|Any CPU
		{E0C181C2-238B-42B7-A060-6E6ACB352DFF}.Debug|Any CPU.Build.0 = Debug|Any CPU
		{E0C181C2-238B-42B7-A060-6E6ACB352DFF}.Release|Any CPU.ActiveCfg = Release|Any CPU
		{E0C181C2-238B-42B7-A060-6E6ACB352DFF}.Release|Any CPU.Build.0 = Release|Any CPU
	EndGlobalSection
	GlobalSection(SolutionProperties) = preSolution
		HideSolutionNode = FALSE
	EndGlobalSection
EndGlobal
